PODS:
  - device_info (0.0.1):
    - Flutter
  - Flutter (1.0.0)
  - flutter_sentry (0.0.1):
    - Flutter
    - Sentry (~> 5.0)
  - package_info (0.0.1):
    - Flutter
  - Sentry (5.0.2):
    - Sentry/Core (= 5.0.2)
  - Sentry/Core (5.0.2)

DEPENDENCIES:
  - device_info (from `.symlinks/plugins/device_info/ios`)
  - Flutter (from `Flutter`)
  - flutter_sentry (from `.symlinks/plugins/flutter_sentry/ios`)
  - package_info (from `.symlinks/plugins/package_info/ios`)

SPEC REPOS:
  trunk:
    - Sentry

EXTERNAL SOURCES:
  device_info:
    :path: ".symlinks/plugins/device_info/ios"
  Flutter:
    :path: Flutter
  flutter_sentry:
    :path: ".symlinks/plugins/flutter_sentry/ios"
  package_info:
    :path: ".symlinks/plugins/package_info/ios"

SPEC CHECKSUMS:
  device_info: d7d233b645a32c40dfdc212de5cf646ca482f175
  Flutter: 0e3d915762c693b495b44d77113d4970485de6ec
  flutter_sentry: e7e66f0717b5fba24f96891e879562bdd8985d36
  package_info: 873975fc26034f0b863a300ad47e7f1ac6c7ec62
  Sentry: 5cec6146fff65c11080f78e8128582727c076e12

PODFILE CHECKSUM: 1b66dae606f75376c5f2135a8290850eeb09ae83

COCOAPODS: 1.9.3
