PODS:
  - Flutter (1.0.0)
  - flutter_sentry (0.0.1):
    - Flutter

DEPENDENCIES:
  - Flutter (from `Flutter`)
  - flutter_sentry (from `.symlinks/plugins/flutter_sentry/ios`)

EXTERNAL SOURCES:
  Flutter:
    :path: Flutter
  flutter_sentry:
    :path: ".symlinks/plugins/flutter_sentry/ios"

SPEC CHECKSUMS:
  Flutter: 0e3d915762c693b495b44d77113d4970485de6ec
  flutter_sentry: a87cb3c07c25f2f789d564d5712bd26ca3508f2f

PODFILE CHECKSUM: 1b66dae606f75376c5f2135a8290850eeb09ae83

COCOAPODS: 1.8.4
